
Microsoft Visual Studio Solution File, Format Version 12.00
# Visual Studio Version 16
VisualStudioVersion = 16.0.29609.76
MinimumVisualStudioVersion = 10.0.40219.1
Project("{FAE04EC0-301F-11D3-BF4B-00C04F79EFBC}") = "Console Time Manager", "Console Time Manager\Console Time Manager.csproj", "{814BCF8C-9C41-4A2D-BED1-43B9911DE958}"
EndProject
Global
	GlobalSection(SolutionConfigurationPlatforms) = preSolution
		Debug|Any CPU = Debug|Any CPU
		Release|Any CPU = Release|Any CPU
	EndGlobalSection
	GlobalSection(ProjectConfigurationPlatforms) = postSolution
		{814BCF8C-9C41-4A2D-BED1-43B9911DE958}.Debug|Any CPU.ActiveCfg = Debug|Any CPU
		{814BCF8C-9C41-4A2D-BED1-43B9911DE958}.Debug|Any CPU.Build.0 = Debug|Any CPU
		{814BCF8C-9C41-4A2D-BED1-43B9911DE958}.Release|Any CPU.ActiveCfg = Release|Any CPU
		{814BCF8C-9C41-4A2D-BED1-43B9911DE958}.Release|Any CPU.Build.0 = Release|Any CPU
	EndGlobalSection
	GlobalSection(SolutionProperties) = preSolution
		HideSolutionNode = FALSE
	EndGlobalSection
	GlobalSection(ExtensibilityGlobals) = postSolution
		SolutionGuid = {E30A5B1C-5483-419B-AE49-9DF173CFFB90}
	EndGlobalSection
EndGlobal
